
Microsoft Visual Studio Solution File, Format Version 12.00
# Visual Studio Version 17
VisualStudioVersion = 17.11.35222.181
MinimumVisualStudioVersion = 10.0.40219.1
Project("{FAE04EC0-301F-11D3-BF4B-00C04F79EFBC}") = "Grille.IO.IniScript", "Grille.IO.IniScript\Grille.IO.IniScript.csproj", "{D02153A7-0FD3-4755-85C9-00949D9B6980}"
EndProject
Project("{FAE04EC0-301F-11D3-BF4B-00C04F79EFBC}") = "Grille.IO.IniScript_Tests", "Grille.IO.IniScript_Tests\Grille.IO.IniScript_Tests.csproj", "{D10DD108-355A-40AB-8629-F9973535DEF8}"
EndProject
Global
	GlobalSection(SolutionConfigurationPlatforms) = preSolution
		Debug|Any CPU = Debug|Any CPU
		Release|Any CPU = Release|Any CPU
	EndGlobalSection
	GlobalSection(ProjectConfigurationPlatforms) = postSolution
		{D02153A7-0FD3-4755-85C9-00949D9B6980}.Debug|Any CPU.ActiveCfg = Debug|Any CPU
		{D02153A7-0FD3-4755-85C9-00949D9B6980}.Debug|Any CPU.Build.0 = Debug|Any CPU
		{D02153A7-0FD3-4755-85C9-00949D9B6980}.Release|Any CPU.ActiveCfg = Release|Any CPU
		{D02153A7-0FD3-4755-85C9-00949D9B6980}.Release|Any CPU.Build.0 = Release|Any CPU
		{D10DD108-355A-40AB-8629-F9973535DEF8}.Debug|Any CPU.ActiveCfg = Debug|Any CPU
		{D10DD108-355A-40AB-8629-F9973535DEF8}.Debug|Any CPU.Build.0 = Debug|Any CPU
		{D10DD108-355A-40AB-8629-F9973535DEF8}.Release|Any CPU.ActiveCfg = Release|Any CPU
		{D10DD108-355A-40AB-8629-F9973535DEF8}.Release|Any CPU.Build.0 = Release|Any CPU
	EndGlobalSection
	GlobalSection(SolutionProperties) = preSolution
		HideSolutionNode = FALSE
	EndGlobalSection
	GlobalSection(ExtensibilityGlobals) = postSolution
		SolutionGuid = {CA161191-9FF1-4B33-9CE2-4B02ADCEE240}
	EndGlobalSection
EndGlobal
